
Microsoft Visual Studio Solution File, Format Version 12.00
# Visual Studio Version 18
VisualStudioVersion = 18.6.11806.211 stable
MinimumVisualStudioVersion = 10.0.40219.1
Project("{FAE04EC0-301F-11D3-BF4B-00C04F79EFBC}") = "InventorySystem", "inventory of equipment in classrooms\InventorySystem.csproj", "{792C32CF-BB78-40B8-AD0A-76D4F6FB7BC1}"
EndProject
Project("{FAE04EC0-301F-11D3-BF4B-00C04F79EFBC}") = "InventorySystem.Tests", "InventorySystem.Tests\InventorySystem.Tests.csproj", "{80C34BD8-7B72-4D35-9E8C-35BE8F7A8DE7}"
EndProject
Global
	GlobalSection(SolutionConfigurationPlatforms) = preSolution
		Debug|Any CPU = Debug|Any CPU
		Release|Any CPU = Release|Any CPU
	EndGlobalSection
	GlobalSection(ProjectConfigurationPlatforms) = postSolution
		{792C32CF-BB78-40B8-AD0A-76D4F6FB7BC1}.Debug|Any CPU.ActiveCfg = Debug|Any CPU
		{792C32CF-BB78-40B8-AD0A-76D4F6FB7BC1}.Debug|Any CPU.Build.0 = Debug|Any CPU
		{792C32CF-BB78-40B8-AD0A-76D4F6FB7BC1}.Release|Any CPU.ActiveCfg = Release|Any CPU
		{792C32CF-BB78-40B8-AD0A-76D4F6FB7BC1}.Release|Any CPU.Build.0 = Release|Any CPU
		{80C34BD8-7B72-4D35-9E8C-35BE8F7A8DE7}.Debug|Any CPU.ActiveCfg = Debug|Any CPU
		{80C34BD8-7B72-4D35-9E8C-35BE8F7A8DE7}.Debug|Any CPU.Build.0 = Debug|Any CPU
		{80C34BD8-7B72-4D35-9E8C-35BE8F7A8DE7}.Release|Any CPU.ActiveCfg = Release|Any CPU
		{80C34BD8-7B72-4D35-9E8C-35BE8F7A8DE7}.Release|Any CPU.Build.0 = Release|Any CPU
	EndGlobalSection
	GlobalSection(SolutionProperties) = preSolution
		HideSolutionNode = FALSE
	EndGlobalSection
	GlobalSection(ExtensibilityGlobals) = postSolution
		SolutionGuid = {E913DF40-2060-4EE1-84C2-F40BC9FB95AF}
	EndGlobalSection
EndGlobal
